
Microsoft Visual Studio Solution File, Format Version 12.00
# Visual Studio 15
VisualStudioVersion = 15.0.28010.2050
MinimumVisualStudioVersion = 10.0.40219.1
Project("{FAE04EC0-301F-11D3-BF4B-00C04F79EFBC}") = "Comunicador FacturaTech", "Comunicador FacturaTech\Comunicador FacturaTech.csproj", "{92C2F1BA-1FE6-4F7A-9BF0-7A15FE47D3FD}"
EndProject
Project("{FAE04EC0-301F-11D3-BF4B-00C04F79EFBC}") = "Comunicador FacturaTechTest", "Comuicador FacturaTechTest\Comunicador FacturaTechTest.csproj", "{C8295CA4-0A63-4A42-B11E-8DD045A9EE5E}"
EndProject
Project("{FAE04EC0-301F-11D3-BF4B-00C04F79EFBC}") = "EmitirConsole", "EmitirConsole\EmitirConsole.csproj", "{F212ADE1-9C9E-43F2-8C5C-B180688AA204}"
EndProject
Global
	GlobalSection(SolutionConfigurationPlatforms) = preSolution
		Debug|Any CPU = Debug|Any CPU
		Release|Any CPU = Release|Any CPU
	EndGlobalSection
	GlobalSection(ProjectConfigurationPlatforms) = postSolution
		{92C2F1BA-1FE6-4F7A-9BF0-7A15FE47D3FD}.Debug|Any CPU.ActiveCfg = Debug|Any CPU
		{92C2F1BA-1FE6-4F7A-9BF0-7A15FE47D3FD}.Debug|Any CPU.Build.0 = Debug|Any CPU
		{92C2F1BA-1FE6-4F7A-9BF0-7A15FE47D3FD}.Release|Any CPU.ActiveCfg = Release|Any CPU
		{92C2F1BA-1FE6-4F7A-9BF0-7A15FE47D3FD}.Release|Any CPU.Build.0 = Release|Any CPU
		{C8295CA4-0A63-4A42-B11E-8DD045A9EE5E}.Debug|Any CPU.ActiveCfg = Debug|Any CPU
		{C8295CA4-0A63-4A42-B11E-8DD045A9EE5E}.Debug|Any CPU.Build.0 = Debug|Any CPU
		{C8295CA4-0A63-4A42-B11E-8DD045A9EE5E}.Release|Any CPU.ActiveCfg = Release|Any CPU
		{C8295CA4-0A63-4A42-B11E-8DD045A9EE5E}.Release|Any CPU.Build.0 = Release|Any CPU
		{F212ADE1-9C9E-43F2-8C5C-B180688AA204}.Debug|Any CPU.ActiveCfg = Debug|Any CPU
		{F212ADE1-9C9E-43F2-8C5C-B180688AA204}.Debug|Any CPU.Build.0 = Debug|Any CPU
		{F212ADE1-9C9E-43F2-8C5C-B180688AA204}.Release|Any CPU.ActiveCfg = Release|Any CPU
		{F212ADE1-9C9E-43F2-8C5C-B180688AA204}.Release|Any CPU.Build.0 = Release|Any CPU
	EndGlobalSection
	GlobalSection(SolutionProperties) = preSolution
		HideSolutionNode = FALSE
	EndGlobalSection
	GlobalSection(ExtensibilityGlobals) = postSolution
		SolutionGuid = {08E26D17-9EF6-4FA9-9405-9C2EFC55B02A}
	EndGlobalSection
EndGlobal
